
Microsoft Visual Studio Solution File, Format Version 11.00
# Visual Studio 2010
Project("{8BC9CEB8-8B4A-11D0-8D11-00A0C91BC942}") = "lottery_7xc", "lottery_7xc\lottery_7xc.vcxproj", "{BF4856EF-F79C-4B59-ABFF-BB78D9F67721}"
EndProject
Global
	GlobalSection(SolutionConfigurationPlatforms) = preSolution
		Debug|Win32 = Debug|Win32
		Release|Win32 = Release|Win32
	EndGlobalSection
	GlobalSection(ProjectConfigurationPlatforms) = postSolution
		{BF4856EF-F79C-4B59-ABFF-BB78D9F67721}.Debug|Win32.ActiveCfg = Debug|Win32
		{BF4856EF-F79C-4B59-ABFF-BB78D9F67721}.Debug|Win32.Build.0 = Debug|Win32
		{BF4856EF-F79C-4B59-ABFF-BB78D9F67721}.Release|Win32.ActiveCfg = Release|Win32
		{BF4856EF-F79C-4B59-ABFF-BB78D9F67721}.Release|Win32.Build.0 = Release|Win32
	EndGlobalSection
	GlobalSection(SolutionProperties) = preSolution
		HideSolutionNode = FALSE
	EndGlobalSection
EndGlobal
